
Microsoft Visual Studio Solution File, Format Version 12.00
# Visual Studio 2013
VisualStudioVersion = 12.0.21005.1
MinimumVisualStudioVersion = 10.0.40219.1
Project("{FAE04EC0-301F-11D3-BF4B-00C04F79EFBC}") = "DatabaseModel", "DatabaseModel\DatabaseModel.csproj", "{0032193D-AA7D-4E94-93BB-34F9A8F87C08}"
EndProject
Project("{FAE04EC0-301F-11D3-BF4B-00C04F79EFBC}") = "Data", "Data\Data.csproj", "{9B467CBB-0170-4F65-88DD-547B682D2C50}"
EndProject
Project("{FAE04EC0-301F-11D3-BF4B-00C04F79EFBC}") = "GenTree", "GenTree\GenTree.csproj", "{A92671A2-8B77-427F-932D-CD8130CD7C63}"
EndProject
Global
	GlobalSection(SolutionConfigurationPlatforms) = preSolution
		Debug|Any CPU = Debug|Any CPU
		Release|Any CPU = Release|Any CPU
	EndGlobalSection
	GlobalSection(ProjectConfigurationPlatforms) = postSolution
		{0032193D-AA7D-4E94-93BB-34F9A8F87C08}.Debug|Any CPU.ActiveCfg = Debug|Any CPU
		{0032193D-AA7D-4E94-93BB-34F9A8F87C08}.Debug|Any CPU.Build.0 = Debug|Any CPU
		{0032193D-AA7D-4E94-93BB-34F9A8F87C08}.Release|Any CPU.ActiveCfg = Release|Any CPU
		{0032193D-AA7D-4E94-93BB-34F9A8F87C08}.Release|Any CPU.Build.0 = Release|Any CPU
		{9B467CBB-0170-4F65-88DD-547B682D2C50}.Debug|Any CPU.ActiveCfg = Debug|Any CPU
		{9B467CBB-0170-4F65-88DD-547B682D2C50}.Debug|Any CPU.Build.0 = Debug|Any CPU
		{9B467CBB-0170-4F65-88DD-547B682D2C50}.Release|Any CPU.ActiveCfg = Release|Any CPU
		{9B467CBB-0170-4F65-88DD-547B682D2C50}.Release|Any CPU.Build.0 = Release|Any CPU
		{A92671A2-8B77-427F-932D-CD8130CD7C63}.Debug|Any CPU.ActiveCfg = Debug|Any CPU
		{A92671A2-8B77-427F-932D-CD8130CD7C63}.Debug|Any CPU.Build.0 = Debug|Any CPU
		{A92671A2-8B77-427F-932D-CD8130CD7C63}.Release|Any CPU.ActiveCfg = Release|Any CPU
		{A92671A2-8B77-427F-932D-CD8130CD7C63}.Release|Any CPU.Build.0 = Release|Any CPU
	EndGlobalSection
	GlobalSection(SolutionProperties) = preSolution
		HideSolutionNode = FALSE
	EndGlobalSection
EndGlobal
